
Microsoft Visual Studio Solution File, Format Version 12.00
# Visual Studio Version 16
VisualStudioVersion = 16.0.31005.135
MinimumVisualStudioVersion = 10.0.40219.1
Project("{FAE04EC0-301F-11D3-BF4B-00C04F79EFBC}") = "CS322 - Projekat", "CS322 - Projekat\CS322 - Projekat.csproj", "{6DD50FC3-5DD9-4617-8629-9F5EB2C9AEEE}"
EndProject
Global
	GlobalSection(SolutionConfigurationPlatforms) = preSolution
		Debug|Any CPU = Debug|Any CPU
		Release|Any CPU = Release|Any CPU
	EndGlobalSection
	GlobalSection(ProjectConfigurationPlatforms) = postSolution
		{6DD50FC3-5DD9-4617-8629-9F5EB2C9AEEE}.Debug|Any CPU.ActiveCfg = Debug|Any CPU
		{6DD50FC3-5DD9-4617-8629-9F5EB2C9AEEE}.Debug|Any CPU.Build.0 = Debug|Any CPU
		{6DD50FC3-5DD9-4617-8629-9F5EB2C9AEEE}.Release|Any CPU.ActiveCfg = Release|Any CPU
		{6DD50FC3-5DD9-4617-8629-9F5EB2C9AEEE}.Release|Any CPU.Build.0 = Release|Any CPU
	EndGlobalSection
	GlobalSection(SolutionProperties) = preSolution
		HideSolutionNode = FALSE
	EndGlobalSection
	GlobalSection(ExtensibilityGlobals) = postSolution
		SolutionGuid = {AECD4503-14D9-45D1-897F-7FF8E36AF171}
	EndGlobalSection
EndGlobal
